
Microsoft Visual Studio Solution File, Format Version 12.00
# Visual Studio Version 17
Project("{8BC9CEB8-8B4A-11D0-8D11-00A0C91BC942}") = "ALL_BUILD", "ALL_BUILD.vcxproj", "{91DB5C45-5DE3-3411-90F8-DB0A490269B7}"
	ProjectSection(ProjectDependencies) = postProject
		{CD7F6F41-DE4A-30B0-A172-C2670DE9329A} = {CD7F6F41-DE4A-30B0-A172-C2670DE9329A}
		{6C49B572-9FEE-382A-BE56-95244B6F5E2B} = {6C49B572-9FEE-382A-BE56-95244B6F5E2B}
	EndProjectSection
EndProject
Project("{8BC9CEB8-8B4A-11D0-8D11-00A0C91BC942}") = "NewRes1", "NewRes1.vcxproj", "{CD7F6F41-DE4A-30B0-A172-C2670DE9329A}"
	ProjectSection(ProjectDependencies) = postProject
		{6C49B572-9FEE-382A-BE56-95244B6F5E2B} = {6C49B572-9FEE-382A-BE56-95244B6F5E2B}
	EndProjectSection
EndProject
Project("{8BC9CEB8-8B4A-11D0-8D11-00A0C91BC942}") = "ZERO_CHECK", "ZERO_CHECK.vcxproj", "{6C49B572-9FEE-382A-BE56-95244B6F5E2B}"
	ProjectSection(ProjectDependencies) = postProject
	EndProjectSection
EndProject
Global
	GlobalSection(SolutionConfigurationPlatforms) = preSolution
		Debug|x64 = Debug|x64
		Release|x64 = Release|x64
		MinSizeRel|x64 = MinSizeRel|x64
		RelWithDebInfo|x64 = RelWithDebInfo|x64
	EndGlobalSection
	GlobalSection(ProjectConfigurationPlatforms) = postSolution
		{91DB5C45-5DE3-3411-90F8-DB0A490269B7}.Debug|x64.ActiveCfg = Debug|x64
		{91DB5C45-5DE3-3411-90F8-DB0A490269B7}.Release|x64.ActiveCfg = Release|x64
		{91DB5C45-5DE3-3411-90F8-DB0A490269B7}.MinSizeRel|x64.ActiveCfg = MinSizeRel|x64
		{91DB5C45-5DE3-3411-90F8-DB0A490269B7}.RelWithDebInfo|x64.ActiveCfg = RelWithDebInfo|x64
		{CD7F6F41-DE4A-30B0-A172-C2670DE9329A}.Debug|x64.ActiveCfg = Debug|x64
		{CD7F6F41-DE4A-30B0-A172-C2670DE9329A}.Debug|x64.Build.0 = Debug|x64
		{CD7F6F41-DE4A-30B0-A172-C2670DE9329A}.Release|x64.ActiveCfg = Release|x64
		{CD7F6F41-DE4A-30B0-A172-C2670DE9329A}.Release|x64.Build.0 = Release|x64
		{CD7F6F41-DE4A-30B0-A172-C2670DE9329A}.MinSizeRel|x64.ActiveCfg = MinSizeRel|x64
		{CD7F6F41-DE4A-30B0-A172-C2670DE9329A}.MinSizeRel|x64.Build.0 = MinSizeRel|x64
		{CD7F6F41-DE4A-30B0-A172-C2670DE9329A}.RelWithDebInfo|x64.ActiveCfg = RelWithDebInfo|x64
		{CD7F6F41-DE4A-30B0-A172-C2670DE9329A}.RelWithDebInfo|x64.Build.0 = RelWithDebInfo|x64
		{6C49B572-9FEE-382A-BE56-95244B6F5E2B}.Debug|x64.ActiveCfg = Debug|x64
		{6C49B572-9FEE-382A-BE56-95244B6F5E2B}.Debug|x64.Build.0 = Debug|x64
		{6C49B572-9FEE-382A-BE56-95244B6F5E2B}.Release|x64.ActiveCfg = Release|x64
		{6C49B572-9FEE-382A-BE56-95244B6F5E2B}.Release|x64.Build.0 = Release|x64
		{6C49B572-9FEE-382A-BE56-95244B6F5E2B}.MinSizeRel|x64.ActiveCfg = MinSizeRel|x64
		{6C49B572-9FEE-382A-BE56-95244B6F5E2B}.MinSizeRel|x64.Build.0 = MinSizeRel|x64
		{6C49B572-9FEE-382A-BE56-95244B6F5E2B}.RelWithDebInfo|x64.ActiveCfg = RelWithDebInfo|x64
		{6C49B572-9FEE-382A-BE56-95244B6F5E2B}.RelWithDebInfo|x64.Build.0 = RelWithDebInfo|x64
	EndGlobalSection
	GlobalSection(ExtensibilityGlobals) = postSolution
		SolutionGuid = {3449AE54-9E94-333A-AC88-D6C241B1B953}
	EndGlobalSection
	GlobalSection(ExtensibilityAddIns) = postSolution
	EndGlobalSection
EndGlobal
